
Microsoft Visual Studio Solution File, Format Version 12.00
# Visual Studio 15
VisualStudioVersion = 15.0.28307.1169
MinimumVisualStudioVersion = 10.0.40219.1
Project("{FAE04EC0-301F-11D3-BF4B-00C04F79EFBC}") = "InterfaceTest", "InterfaceTest\InterfaceTest.csproj", "{8F9363F0-66E0-4DCD-8CD2-BEBE506DBF9D}"
EndProject
Global
	GlobalSection(SolutionConfigurationPlatforms) = preSolution
		Debug|Any CPU = Debug|Any CPU
		Release|Any CPU = Release|Any CPU
	EndGlobalSection
	GlobalSection(ProjectConfigurationPlatforms) = postSolution
		{8F9363F0-66E0-4DCD-8CD2-BEBE506DBF9D}.Debug|Any CPU.ActiveCfg = Debug|Any CPU
		{8F9363F0-66E0-4DCD-8CD2-BEBE506DBF9D}.Debug|Any CPU.Build.0 = Debug|Any CPU
		{8F9363F0-66E0-4DCD-8CD2-BEBE506DBF9D}.Release|Any CPU.ActiveCfg = Release|Any CPU
		{8F9363F0-66E0-4DCD-8CD2-BEBE506DBF9D}.Release|Any CPU.Build.0 = Release|Any CPU
	EndGlobalSection
	GlobalSection(SolutionProperties) = preSolution
		HideSolutionNode = FALSE
	EndGlobalSection
	GlobalSection(ExtensibilityGlobals) = postSolution
		SolutionGuid = {8C0EE236-571B-4998-A06D-A932D3A81DA6}
	EndGlobalSection
EndGlobal
